
Microsoft Visual Studio Solution File, Format Version 12.00
# Visual Studio Version 17
VisualStudioVersion = 17.9.34622.214
MinimumVisualStudioVersion = 10.0.40219.1
Project("{FAE04EC0-301F-11D3-BF4B-00C04F79EFBC}") = "CMP1903M-A2", "CMP1903M-A2\CMP1903M-A2.csproj", "{D887C7A1-8FA2-42FF-8647-2BBF7BD451BA}"
EndProject
Global
	GlobalSection(SolutionConfigurationPlatforms) = preSolution
		Debug|Any CPU = Debug|Any CPU
		Release|Any CPU = Release|Any CPU
	EndGlobalSection
	GlobalSection(ProjectConfigurationPlatforms) = postSolution
		{D887C7A1-8FA2-42FF-8647-2BBF7BD451BA}.Debug|Any CPU.ActiveCfg = Debug|Any CPU
		{D887C7A1-8FA2-42FF-8647-2BBF7BD451BA}.Debug|Any CPU.Build.0 = Debug|Any CPU
		{D887C7A1-8FA2-42FF-8647-2BBF7BD451BA}.Release|Any CPU.ActiveCfg = Release|Any CPU
		{D887C7A1-8FA2-42FF-8647-2BBF7BD451BA}.Release|Any CPU.Build.0 = Release|Any CPU
	EndGlobalSection
	GlobalSection(SolutionProperties) = preSolution
		HideSolutionNode = FALSE
	EndGlobalSection
	GlobalSection(ExtensibilityGlobals) = postSolution
		SolutionGuid = {0604FCD3-8D62-4FD7-B203-754B5FAFB5B4}
	EndGlobalSection
EndGlobal
